
Microsoft Visual Studio Solution File, Format Version 12.00
# Visual Studio 14
VisualStudioVersion = 14.0.23107.0
MinimumVisualStudioVersion = 10.0.40219.1
Project("{FAE04EC0-301F-11D3-BF4B-00C04F79EFBC}") = "WpfApp_PositiveBuilder_Demo", "WpfApp_PositiveBuilder_Demo\WpfApp_PositiveBuilder_Demo.csproj", "{43E6D3AF-E048-4FD1-952D-0D284DA6654A}"
EndProject
Project("{FAE04EC0-301F-11D3-BF4B-00C04F79EFBC}") = "Core", "Core\Core.csproj", "{631AC093-430F-45F4-BA0C-AF0F0405918A}"
EndProject
Project("{FAE04EC0-301F-11D3-BF4B-00C04F79EFBC}") = "Math", "Math\Math.csproj", "{C0FAF524-72E4-46F7-8C1B-A6B74DEC5EBE}"
EndProject
Project("{FAE04EC0-301F-11D3-BF4B-00C04F79EFBC}") = "Imaging", "Imaging\Imaging.csproj", "{C6A8B9AE-0749-41C7-8FF9-02C156696F45}"
EndProject
Project("{FAE04EC0-301F-11D3-BF4B-00C04F79EFBC}") = "NHotkey", "NHotkey\NHotkey.csproj", "{B32EFC06-6D44-4327-8715-336DD8234D30}"
EndProject
Project("{FAE04EC0-301F-11D3-BF4B-00C04F79EFBC}") = "WpfAnimatedGif", "WpfAnimatedGif\WpfAnimatedGif.csproj", "{D129789C-3096-4D0B-8DD7-FE24A4DF4B21}"
EndProject
Global
	GlobalSection(SolutionConfigurationPlatforms) = preSolution
		Debug|Any CPU = Debug|Any CPU
		Release|Any CPU = Release|Any CPU
	EndGlobalSection
	GlobalSection(ProjectConfigurationPlatforms) = postSolution
		{43E6D3AF-E048-4FD1-952D-0D284DA6654A}.Debug|Any CPU.ActiveCfg = Debug|Any CPU
		{43E6D3AF-E048-4FD1-952D-0D284DA6654A}.Debug|Any CPU.Build.0 = Debug|Any CPU
		{43E6D3AF-E048-4FD1-952D-0D284DA6654A}.Release|Any CPU.ActiveCfg = Release|Any CPU
		{43E6D3AF-E048-4FD1-952D-0D284DA6654A}.Release|Any CPU.Build.0 = Release|Any CPU
		{631AC093-430F-45F4-BA0C-AF0F0405918A}.Debug|Any CPU.ActiveCfg = Debug|Any CPU
		{631AC093-430F-45F4-BA0C-AF0F0405918A}.Debug|Any CPU.Build.0 = Debug|Any CPU
		{631AC093-430F-45F4-BA0C-AF0F0405918A}.Release|Any CPU.ActiveCfg = Release|Any CPU
		{631AC093-430F-45F4-BA0C-AF0F0405918A}.Release|Any CPU.Build.0 = Release|Any CPU
		{C0FAF524-72E4-46F7-8C1B-A6B74DEC5EBE}.Debug|Any CPU.ActiveCfg = Debug|Any CPU
		{C0FAF524-72E4-46F7-8C1B-A6B74DEC5EBE}.Debug|Any CPU.Build.0 = Debug|Any CPU
		{C0FAF524-72E4-46F7-8C1B-A6B74DEC5EBE}.Release|Any CPU.ActiveCfg = Release|Any CPU
		{C0FAF524-72E4-46F7-8C1B-A6B74DEC5EBE}.Release|Any CPU.Build.0 = Release|Any CPU
		{C6A8B9AE-0749-41C7-8FF9-02C156696F45}.Debug|Any CPU.ActiveCfg = Debug|Any CPU
		{C6A8B9AE-0749-41C7-8FF9-02C156696F45}.Debug|Any CPU.Build.0 = Debug|Any CPU
		{C6A8B9AE-0749-41C7-8FF9-02C156696F45}.Release|Any CPU.ActiveCfg = Release|Any CPU
		{C6A8B9AE-0749-41C7-8FF9-02C156696F45}.Release|Any CPU.Build.0 = Release|Any CPU
		{B32EFC06-6D44-4327-8715-336DD8234D30}.Debug|Any CPU.ActiveCfg = Debug|Any CPU
		{B32EFC06-6D44-4327-8715-336DD8234D30}.Debug|Any CPU.Build.0 = Debug|Any CPU
		{B32EFC06-6D44-4327-8715-336DD8234D30}.Release|Any CPU.ActiveCfg = Release|Any CPU
		{B32EFC06-6D44-4327-8715-336DD8234D30}.Release|Any CPU.Build.0 = Release|Any CPU
		{D129789C-3096-4D0B-8DD7-FE24A4DF4B21}.Debug|Any CPU.ActiveCfg = Debug|Any CPU
		{D129789C-3096-4D0B-8DD7-FE24A4DF4B21}.Debug|Any CPU.Build.0 = Debug|Any CPU
		{D129789C-3096-4D0B-8DD7-FE24A4DF4B21}.Release|Any CPU.ActiveCfg = Release|Any CPU
		{D129789C-3096-4D0B-8DD7-FE24A4DF4B21}.Release|Any CPU.Build.0 = Release|Any CPU
	EndGlobalSection
	GlobalSection(SolutionProperties) = preSolution
		HideSolutionNode = FALSE
	EndGlobalSection
EndGlobal
